version = 1
revision = 1
requires-python = "==3.12.*"
resolution-markers = [
    "sys_platform == 'win32'",
    "sys_platform == 'emscripten'",
    "sys_platform != 'emscripten' and sys_platform != 'win32'",
]

[[package]]
name = "affine"
version = "2.4.0"
source = { registry = "https://pypi.org/simple" }
sdist = { url = "https://files.pythonhosted.org/packages/69/98/d2f0bb06385069e799fc7d2870d9e078cfa0fa396dc8a2b81227d0da08b9/affine-2.4.0.tar.gz", hash = "sha256:a24d818d6a836c131976d22f8c27b8d3ca32d0af64c1d8d29deb7bafa4da1eea", size = 17132 }
wheels = [
    { url = "https://files.pythonhosted.org/packages/0b/f7/85273299ab57117850cc0a936c64151171fac4da49bc6fba0dad984a7c5f/affine-2.4.0-py3-none-any.whl", hash = "sha256:8a3df80e2b2378aef598a83c1392efd47967afec4242021a0b06b4c7cbc61a92", size = 15662 },
]

[[package]]
name = "asciitree"
version = "0.3.3"
source = { registry = "https://pypi.org/simple" }
sdist = { url = "https://files.pythonhosted.org/packages/2d/6a/885bc91484e1aa8f618f6f0228d76d0e67000b0fdd6090673b777e311913/asciitree-0.3.3.tar.gz", hash = "sha256:4aa4b9b649f85e3fcb343363d97564aa1fb62e249677f2e18a96765145cc0f6e", size = 3951 }

[[package]]
name = "attrs"
version = "25.4.0"
source = { registry = "https://pypi.org/simple" }
sdist = { url = "https://files.pythonhosted.org/packages/6b/5c/685e6633917e101e5dcb62b9dd76946cbb57c26e133bae9e0cd36033c0a9/attrs-25.4.0.tar.gz", hash = "sha256:16d5969b87f0859ef33a48b35d55ac1be6e42ae49d5e853b597db70c35c57e11", size = 934251 }
wheels = [
    { url = "https://files.pythonhosted.org/packages/3a/2a/7cc015f5b9f5db42b7d48157e23356022889fc354a2813c15934b7cb5c0e/attrs-25.4.0-py3-none-any.whl", hash = "sha256:adcf7e2a1fb3b36ac48d97835bb6d8ade15b8dcce26aba8bf1d14847b57a3373", size = 67615 },
]

[[package]]
name = "certifi"
version = "2026.1.4"
source = { registry = "https://pypi.org/simple" }
sdist = { url = "https://files.pythonhosted.org/packages/e0/2d/a891ca51311197f6ad14a7ef42e2399f36cf2f9bd44752b3dc4eab60fdc5/certifi-2026.1.4.tar.gz", hash = "sha256:ac726dd470482006e014ad384921ed6438c457018f4b3d204aea4281258b2120", size = 154268 }
wheels = [
    { url = "https://files.pythonhosted.org/packages/e6/ad/3cc14f097111b4de0040c83a525973216457bbeeb63739ef1ed275c1c021/certifi-2026.1.4-py3-none-any.whl", hash = "sha256:9943707519e4add1115f44c2bc244f782c0249876bf51b6599fee1ffbedd685c", size = 152900 },
]

[[package]]
name = "click"
version = "8.3.1"
source = { registry = "https://pypi.org/simple" }
dependencies = [
    { name = "colorama", marker = "sys_platform == 'win32'" },
]
sdist = { url = "https://files.pythonhosted.org/packages/3d/fa/656b739db8587d7b5dfa22e22ed02566950fbfbcdc20311993483657a5c0/click-8.3.1.tar.gz", hash = "sha256:12ff4785d337a1bb490bb7e9c2b1ee5da3112e94a8622f26a6c77f5d2fc6842a", size = 295065 }
wheels = [
    { url = "https://files.pythonhosted.org/packages/98/78/01c019cdb5d6498122777c1a43056ebb3ebfeef2076d9d026bfe15583b2b/click-8.3.1-py3-none-any.whl", hash = "sha256:981153a64e25f12d547d3426c367a4857371575ee7ad18df2a6183ab0545b2a6", size = 108274 },
]

[[package]]
name = "cligj"
version = "0.7.2"
source = { registry = "https://pypi.org/simple" }
dependencies = [
    { name = "click" },
]
sdist = { url = "https://files.pythonhosted.org/packages/ea/0d/837dbd5d8430fd0f01ed72c4cfb2f548180f4c68c635df84ce87956cff32/cligj-0.7.2.tar.gz", hash = "sha256:a4bc13d623356b373c2c27c53dbd9c68cae5d526270bfa71f6c6fa69669c6b27", size = 9803 }
wheels = [
    { url = "https://files.pythonhosted.org/packages/73/86/43fa9f15c5b9fb6e82620428827cd3c284aa933431405d1bcf5231ae3d3e/cligj-0.7.2-py3-none-any.whl", hash = "sha256:c1ca117dbce1fe20a5809dc96f01e1c2840f6dcc939b3ddbb1111bf330ba82df", size = 7069 },
]

[[package]]
name = "colorama"
version = "0.4.6"
source = { registry = "https://pypi.org/simple" }
sdist = { url = "https://files.pythonhosted.org/packages/d8/53/6f443c9a4a8358a93a6792e2acffb9d9d5cb0a5cfd8802644b7b1c9a02e4/colorama-0.4.6.tar.gz", hash = "sha256:08695f5cb7ed6e0531a20572697297273c47b8cae5a63ffc6d6ed5c201be6e44", size = 27697 }
wheels = [
    { url = "https://files.pythonhosted.org/packages/d1/d6/3965ed04c63042e047cb6a3e6ed1a63a35087b6a609aa3a15ed8ac56c221/colorama-0.4.6-py2.py3-none-any.whl", hash = "sha256:4f1d9991f5acc0ca119f9d443620b77f9d6b33703e51011c16baf57afb285fc6", size = 25335 },
]

[[package]]
name = "deprecated"
version = "1.3.1"
source = { registry = "https://pypi.org/simple" }
dependencies = [
    { name = "wrapt" },
]
sdist = { url = "https://files.pythonhosted.org/packages/49/85/12f0a49a7c4ffb70572b6c2ef13c90c88fd190debda93b23f026b25f9634/deprecated-1.3.1.tar.gz", hash = "sha256:b1b50e0ff0c1fddaa5708a2c6b0a6588bb09b892825ab2b214ac9ea9d92a5223", size = 2932523 }
wheels = [
    { url = "https://files.pythonhosted.org/packages/84/d0/205d54408c08b13550c733c4b85429e7ead111c7f0014309637425520a9a/deprecated-1.3.1-py2.py3-none-any.whl", hash = "sha256:597bfef186b6f60181535a29fbe44865ce137a5079f295b479886c82729d5f3f", size = 11298 },
]

[[package]]
name = "fasteners"
version = "0.20"
source = { registry = "https://pypi.org/simple" }
sdist = { url = "https://files.pythonhosted.org/packages/2d/18/7881a99ba5244bfc82f06017316ffe93217dbbbcfa52b887caa1d4f2a6d3/fasteners-0.20.tar.gz", hash = "sha256:55dce8792a41b56f727ba6e123fcaee77fd87e638a6863cec00007bfea84c8d8", size = 25087 }
wheels = [
    { url = "https://files.pythonhosted.org/packages/51/ac/e5d886f892666d2d1e5cb8c1a41146e1d79ae8896477b1153a21711d3b44/fasteners-0.20-py3-none-any.whl", hash = "sha256:9422c40d1e350e4259f509fb2e608d6bc43c0136f79a00db1b49046029d0b3b7", size = 18702 },
]

[[package]]
name = "fire"
version = "0.7.1"
source = { registry = "https://pypi.org/simple" }
dependencies = [
    { name = "termcolor" },
]
sdist = { url = "https://files.pythonhosted.org/packages/c0/00/f8d10588d2019d6d6452653def1ee807353b21983db48550318424b5ff18/fire-0.7.1.tar.gz", hash = "sha256:3b208f05c736de98fb343310d090dcc4d8c78b2a89ea4f32b837c586270a9cbf", size = 88720 }
wheels = [
    { url = "https://files.pythonhosted.org/packages/e5/4c/93d0f85318da65923e4b91c1c2ff03d8a458cbefebe3bc612a6693c7906d/fire-0.7.1-py3-none-any.whl", hash = "sha256:e43fd8a5033a9001e7e2973bab96070694b9f12f2e0ecf96d4683971b5ab1882", size = 115945 },
]

[[package]]
name = "gdal"
version = "3.12.1.1"
source = { url = "https://github.com/girder/large_image_wheels/raw/wheelhouse/GDAL-3.12.1.1-cp312-cp312-manylinux_2_28_x86_64.whl" }
wheels = [
    { url = "https://github.com/girder/large_image_wheels/raw/wheelhouse/GDAL-3.12.1.1-cp312-cp312-manylinux_2_28_x86_64.whl", hash = "sha256:2440bce97729ce434e5fbd6d37cffb53d98ad2c49f51b25b5db55f637045c517" },
]

[package.metadata]
requires-dist = [{ name = "numpy", marker = "extra == 'numpy'", specifier = ">1.0.0" }]
provides-extras = ["numpy"]

[[package]]
name = "geopandas"
version = "1.1.2"
source = { registry = "https://pypi.org/simple" }
dependencies = [
    { name = "numpy" },
    { name = "packaging" },
    { name = "pandas" },
    { name = "pyogrio" },
    { name = "pyproj" },
    { name = "shapely" },
]
sdist = { url = "https://files.pythonhosted.org/packages/8d/24/5eb5685d7bf89d64218919379f882d19a60f8219d66d833c83b1cf264c95/geopandas-1.1.2.tar.gz", hash = "sha256:33f7b33565c46a45b8459a2ab699ec943fdbb5716e58e251b3c413cf7783106c", size = 336037 }
wheels = [
    { url = "https://files.pythonhosted.org/packages/54/e4/fac19dc34cb686c96011388b813ff7b858a70681e5ce6ce7698e5021b0f4/geopandas-1.1.2-py3-none-any.whl", hash = "sha256:2bb0b1052cb47378addb4ba54c47f8d4642dcbda9b61375638274f49d9f0bb0d", size = 341734 },
]

[[package]]
name = "loguru"
version = "0.7.3"
source = { registry = "https://pypi.org/simple" }
dependencies = [
    { name = "colorama", marker = "sys_platform == 'win32'" },
    { name = "win32-setctime", marker = "sys_platform == 'win32'" },
]
sdist = { url = "https://files.pythonhosted.org/packages/3a/05/a1dae3dffd1116099471c643b8924f5aa6524411dc6c63fdae648c4f1aca/loguru-0.7.3.tar.gz", hash = "sha256:19480589e77d47b8d85b2c827ad95d49bf31b0dcde16593892eb51dd18706eb6", size = 63559 }
wheels = [
    { url = "https://files.pythonhosted.org/packages/0c/29/0348de65b8cc732daa3e33e67806420b2ae89bdce2b04af740289c5c6c8c/loguru-0.7.3-py3-none-any.whl", hash = "sha256:31a33c10c8e1e10422bfd431aeb5d351c7cf7fa671e3c4df004162264b28220c", size = 61595 },
]

[[package]]
name = "numcodecs"
version = "0.15.1"
source = { registry = "https://pypi.org/simple" }
dependencies = [
    { name = "deprecated" },
    { name = "numpy" },
]
sdist = { url = "https://files.pythonhosted.org/packages/63/fc/bb532969eb8236984ba65e4f0079a7da885b8ac0ce1f0835decbb3938a62/numcodecs-0.15.1.tar.gz", hash = "sha256:eeed77e4d6636641a2cc605fbc6078c7a8f2cc40f3dfa2b3f61e52e6091b04ff", size = 6267275 }
wheels = [
    { url = "https://files.pythonhosted.org/packages/e7/7e/f12fc32d3beedc6a8f1ec69ea0ba72e93cb99c0350feed2cff5d04679bc3/numcodecs-0.15.1-cp312-cp312-macosx_10_13_x86_64.whl", hash = "sha256:b0a9d9cd29a0088220682dda4a9898321f7813ff7802be2bbb545f6e3d2f10ff", size = 1691889 },
    { url = "https://files.pythonhosted.org/packages/81/38/88e40d40288b73c3b3a390ed5614a34b0661d00255bdd4cfb91c32101364/numcodecs-0.15.1-cp312-cp312-macosx_11_0_arm64.whl", hash = "sha256:a34f0fe5e5f3b837bbedbeb98794a6d4a12eeeef8d4697b523905837900b5e1c", size = 1189149 },
    { url = "https://files.pythonhosted.org/packages/28/7d/7527d9180bc76011d6163c848c9cf02cd28a623c2c66cf543e1e86de7c5e/numcodecs-0.15.1-cp312-cp312-manylinux_2_17_x86_64.manylinux2014_x86_64.whl", hash = "sha256:c3a09e22140f2c691f7df26303ff8fa2dadcf26d7d0828398c0bc09b69e5efa3", size = 8879163 },
    { url = "https://files.pythonhosted.org/packages/ab/bc/b6c3cde91c754860a3467a8c058dcf0b1a5ca14d82b1c5397c700cf8b1eb/numcodecs-0.15.1-cp312-cp312-win_amd64.whl", hash = "sha256:daed6066ffcf40082da847d318b5ab6123d69ceb433ba603cb87c323a541a8bc", size = 836785 },
]

[[package]]
name = "numpy"
version = "2.4.2"
source = { registry = "https://pypi.org/simple" }
sdist = { url = "https://files.pythonhosted.org/packages/57/fd/0005efbd0af48e55eb3c7208af93f2862d4b1a56cd78e84309a2d959208d/numpy-2.4.2.tar.gz", hash = "sha256:659a6107e31a83c4e33f763942275fd278b21d095094044eb35569e86a21ddae", size = 20723651 }
wheels = [
    { url = "https://files.pythonhosted.org/packages/51/6e/6f394c9c77668153e14d4da83bcc247beb5952f6ead7699a1a2992613bea/numpy-2.4.2-cp312-cp312-macosx_10_13_x86_64.whl", hash = "sha256:21982668592194c609de53ba4933a7471880ccbaadcc52352694a59ecc860b3a", size = 16667963 },
    { url = "https://files.pythonhosted.org/packages/1f/f8/55483431f2b2fd015ae6ed4fe62288823ce908437ed49db5a03d15151678/numpy-2.4.2-cp312-cp312-macosx_11_0_arm64.whl", hash = "sha256:40397bda92382fcec844066efb11f13e1c9a3e2a8e8f318fb72ed8b6db9f60f1", size = 14693571 },
    { url = "https://files.pythonhosted.org/packages/2f/20/18026832b1845cdc82248208dd929ca14c9d8f2bac391f67440707fff27c/numpy-2.4.2-cp312-cp312-macosx_14_0_arm64.whl", hash = "sha256:b3a24467af63c67829bfaa61eecf18d5432d4f11992688537be59ecd6ad32f5e", size = 5203469 },
    { url = "https://files.pythonhosted.org/packages/7d/33/2eb97c8a77daaba34eaa3fa7241a14ac5f51c46a6bd5911361b644c4a1e2/numpy-2.4.2-cp312-cp312-macosx_14_0_x86_64.whl", hash = "sha256:805cc8de9fd6e7a22da5aed858e0ab16be5a4db6c873dde1d7451c541553aa27", size = 6550820 },
    { url = "https://files.pythonhosted.org/packages/b1/91/b97fdfd12dc75b02c44e26c6638241cc004d4079a0321a69c62f51470c4c/numpy-2.4.2-cp312-cp312-manylinux_2_27_aarch64.manylinux_2_28_aarch64.whl", hash = "sha256:6d82351358ffbcdcd7b686b90742a9b86632d6c1c051016484fa0b326a0a1548", size = 15663067 },
    { url = "https://files.pythonhosted.org/packages/f5/c6/a18e59f3f0b8071cc85cbc8d80cd02d68aa9710170b2553a117203d46936/numpy-2.4.2-cp312-cp312-manylinux_2_27_x86_64.manylinux_2_28_x86_64.whl", hash = "sha256:9e35d3e0144137d9fdae62912e869136164534d64a169f86438bc9561b6ad49f", size = 16619782 },
    { url = "https://files.pythonhosted.org/packages/b7/83/9751502164601a79e18847309f5ceec0b1446d7b6aa12305759b72cf98b2/numpy-2.4.2-cp312-cp312-musllinux_1_2_aarch64.whl", hash = "sha256:adb6ed2ad29b9e15321d167d152ee909ec73395901b70936f029c3bc6d7f4460", size = 17013128 },
    { url = "https://files.pythonhosted.org/packages/61/c4/c4066322256ec740acc1c8923a10047818691d2f8aec254798f3dd90f5f2/numpy-2.4.2-cp312-cp312-musllinux_1_2_x86_64.whl", hash = "sha256:8906e71fd8afcb76580404e2a950caef2685df3d2a57fe82a86ac8d33cc007ba", size = 18345324 },
    { url = "https://files.pythonhosted.org/packages/ab/af/6157aa6da728fa4525a755bfad486ae7e3f76d4c1864138003eb84328497/numpy-2.4.2-cp312-cp312-win32.whl", hash = "sha256:ec055f6dae239a6299cace477b479cca2fc125c5675482daf1dd886933a1076f", size = 5960282 },
    { url = "https://files.pythonhosted.org/packages/92/0f/7ceaaeaacb40567071e94dbf2c9480c0ae453d5bb4f52bea3892c39dc83c/numpy-2.4.2-cp312-cp312-win_amd64.whl", hash = "sha256:209fae046e62d0ce6435fcfe3b1a10537e858249b3d9b05829e2a05218296a85", size = 12314210 },
    { url = "https://files.pythonhosted.org/packages/2f/a3/56c5c604fae6dd40fa2ed3040d005fca97e91bd320d232ac9931d77ba13c/numpy-2.4.2-cp312-cp312-win_arm64.whl", hash = "sha256:fbde1b0c6e81d56f5dccd95dd4a711d9b95df1ae4009a60887e56b27e8d903fa", size = 10220171 },
]

[[package]]
name = "packaging"
version = "26.0"
source = { registry = "https://pypi.org/simple" }
sdist = { url = "https://files.pythonhosted.org/packages/65/ee/299d360cdc32edc7d2cf530f3accf79c4fca01e96ffc950d8a52213bd8e4/packaging-26.0.tar.gz", hash = "sha256:00243ae351a257117b6a241061796684b084ed1c516a08c48a3f7e147a9d80b4", size = 143416 }
wheels = [
    { url = "https://files.pythonhosted.org/packages/b7/b9/c538f279a4e237a006a2c98387d081e9eb060d203d8ed34467cc0f0b9b53/packaging-26.0-py3-none-any.whl", hash = "sha256:b36f1fef9334a5588b4166f8bcd26a14e521f2b55e6b9de3aaa80d3ff7a37529", size = 74366 },
]

[[package]]
name = "pandas"
version = "3.0.0"
source = { registry = "https://pypi.org/simple" }
dependencies = [
    { name = "numpy" },
    { name = "python-dateutil" },
    { name = "tzdata", marker = "sys_platform == 'emscripten' or sys_platform == 'win32'" },
]
sdist = { url = "https://files.pythonhosted.org/packages/de/da/b1dc0481ab8d55d0f46e343cfe67d4551a0e14fcee52bd38ca1bd73258d8/pandas-3.0.0.tar.gz", hash = "sha256:0facf7e87d38f721f0af46fe70d97373a37701b1c09f7ed7aeeb292ade5c050f", size = 4633005 }
wheels = [
    { url = "https://files.pythonhosted.org/packages/0b/38/db33686f4b5fa64d7af40d96361f6a4615b8c6c8f1b3d334eee46ae6160e/pandas-3.0.0-cp312-cp312-macosx_10_13_x86_64.whl", hash = "sha256:9803b31f5039b3c3b10cc858c5e40054adb4b29b4d81cb2fd789f4121c8efbcd", size = 10334013 },
    { url = "https://files.pythonhosted.org/packages/a5/7b/9254310594e9774906bacdd4e732415e1f86ab7dbb4b377ef9ede58cd8ec/pandas-3.0.0-cp312-cp312-macosx_11_0_arm64.whl", hash = "sha256:14c2a4099cd38a1d18ff108168ea417909b2dea3bd1ebff2ccf28ddb6a74d740", size = 9874154 },
    { url = "https://files.pythonhosted.org/packages/63/d4/726c5a67a13bc66643e66d2e9ff115cead482a44fc56991d0c4014f15aaf/pandas-3.0.0-cp312-cp312-manylinux_2_24_aarch64.manylinux_2_28_aarch64.whl", hash = "sha256:d257699b9a9960e6125686098d5714ac59d05222bef7a5e6af7a7fd87c650801", size = 10384433 },
    { url = "https://files.pythonhosted.org/packages/bf/2e/9211f09bedb04f9832122942de8b051804b31a39cfbad199a819bb88d9f3/pandas-3.0.0-cp312-cp312-manylinux_2_24_x86_64.manylinux_2_28_x86_64.whl", hash = "sha256:69780c98f286076dcafca38d8b8eee1676adf220199c0a39f0ecbf976b68151a", size = 10864519 },
    { url = "https://files.pythonhosted.org/packages/00/8d/50858522cdc46ac88b9afdc3015e298959a70a08cd21e008a44e9520180c/pandas-3.0.0-cp312-cp312-musllinux_1_2_aarch64.whl", hash = "sha256:4a66384f017240f3858a4c8a7cf21b0591c3ac885cddb7758a589f0f71e87ebb", size = 11394124 },
    { url = "https://files.pythonhosted.org/packages/86/3f/83b2577db02503cd93d8e95b0f794ad9d4be0ba7cb6c8bcdcac964a34a42/pandas-3.0.0-cp312-cp312-musllinux_1_2_x86_64.whl", hash = "sha256:be8c515c9bc33989d97b89db66ea0cececb0f6e3c2a87fcc8b69443a6923e95f", size = 11920444 },
    { url = "https://files.pythonhosted.org/packages/64/2d/4f8a2f192ed12c90a0aab47f5557ece0e56b0370c49de9454a09de7381b2/pandas-3.0.0-cp312-cp312-win_amd64.whl", hash = "sha256:a453aad8c4f4e9f166436994a33884442ea62aa8b27d007311e87521b97246e1", size = 9730970 },
    { url = "https://files.pythonhosted.org/packages/d4/64/ff571be435cf1e643ca98d0945d76732c0b4e9c37191a89c8550b105eed1/pandas-3.0.0-cp312-cp312-win_arm64.whl", hash = "sha256:da768007b5a33057f6d9053563d6b74dd6d029c337d93c6d0d22a763a5c2ecc0", size = 9041950 },
]

[[package]]
name = "pyogrio"
version = "0.12.1"
source = { registry = "https://pypi.org/simple" }
dependencies = [
    { name = "certifi" },
    { name = "numpy" },
    { name = "packaging" },
]
sdist = { url = "https://files.pythonhosted.org/packages/49/d4/12f86b1ed09721363da4c09622464b604c851a9223fc0c6b393fb2012208/pyogrio-0.12.1.tar.gz", hash = "sha256:e548ab705bb3e5383693717de1e6c76da97f3762ab92522cb310f93128a75ff1", size = 303289 }
wheels = [
    { url = "https://files.pythonhosted.org/packages/ad/e0/656b6536549d41b5aec57e0deca1f269b4f17532f0636836f587e581603a/pyogrio-0.12.1-cp312-cp312-macosx_12_0_arm64.whl", hash = "sha256:7a0d5ca39184030aec4cde30f4258f75b227a854530d2659babc8189d76e657d", size = 23661857 },
    { url = "https://files.pythonhosted.org/packages/14/78/313259e40da728bdb60106ffdc7ea8224d164498cb838ecb79b634aab967/pyogrio-0.12.1-cp312-cp312-macosx_12_0_x86_64.whl", hash = "sha256:feaff42bbe8087ca0b30e33b09d1ce049ca55fe83ad83db1139ef37d1d04f30c", size = 25237106 },
    { url = "https://files.pythonhosted.org/packages/8f/ca/5368571a8b00b941ccfbe6ea29a5566aaffd45d4eb1553b956f7755af43e/pyogrio-0.12.1-cp312-cp312-manylinux2014_x86_64.manylinux_2_17_x86_64.whl", hash = "sha256:81096a5139532de5a8003ef02b41d5d2444cb382a9aecd1165b447eb549180d3", size = 31417048 },
    { url = "https://files.pythonhosted.org/packages/ef/85/6eeb875f27bf498d657eb5dab9f58e4c48b36c9037122787abee9a1ba4ba/pyogrio-0.12.1-cp312-cp312-manylinux_2_28_aarch64.whl", hash = "sha256:41b78863f782f7a113ed0d36a5dc74d59735bd3a82af53510899bb02a18b06bb", size = 30952115 },
    { url = "https://files.pythonhosted.org/packages/36/f7/cf8bec9024625947e1a71441906f60a5fa6f9e4c441c4428037e73b1fcc8/pyogrio-0.12.1-cp312-cp312-manylinux_2_28_x86_64.whl", hash = "sha256:8b65be8c4258b27cc8f919b21929cecdadda4c353e3637fa30850339ef4d15c5", size = 32537246 },
    { url = "https://files.pythonhosted.org/packages/ab/10/7c9f5e428273574e69f217eba3a6c0c42936188ad4dcd9e2c41ebb711188/pyogrio-0.12.1-cp312-cp312-win_amd64.whl", hash = "sha256:1291b866c2c81d991bda15021b08b3621709b40ee3a85689229929e9465788bf", size = 22933980 },
]

[[package]]
name = "pyparsing"
version = "3.3.2"
source = { registry = "https://pypi.org/simple" }
sdist = { url = "https://files.pythonhosted.org/packages/f3/91/9c6ee907786a473bf81c5f53cf703ba0957b23ab84c264080fb5a450416f/pyparsing-3.3.2.tar.gz", hash = "sha256:c777f4d763f140633dcb6d8a3eda953bf7a214dc4eff598413c070bcdc117cbc", size = 6851574 }
wheels = [
    { url = "https://files.pythonhosted.org/packages/10/bd/c038d7cc38edc1aa5bf91ab8068b63d4308c66c4c8bb3cbba7dfbc049f9c/pyparsing-3.3.2-py3-none-any.whl", hash = "sha256:850ba148bd908d7e2411587e247a1e4f0327839c40e2e5e6d05a007ecc69911d", size = 122781 },
]

[[package]]
name = "pyproj"
version = "3.7.2"
source = { registry = "https://pypi.org/simple" }
dependencies = [
    { name = "certifi" },
]
sdist = { url = "https://files.pythonhosted.org/packages/04/90/67bd7260b4ea9b8b20b4f58afef6c223ecb3abf368eb4ec5bc2cdef81b49/pyproj-3.7.2.tar.gz", hash = "sha256:39a0cf1ecc7e282d1d30f36594ebd55c9fae1fda8a2622cee5d100430628f88c", size = 226279 }
wheels = [
    { url = "https://files.pythonhosted.org/packages/8d/ab/9893ea9fb066be70ed9074ae543914a618c131ed8dff2da1e08b3a4df4db/pyproj-3.7.2-cp312-cp312-macosx_13_0_x86_64.whl", hash = "sha256:0a9bb26a6356fb5b033433a6d1b4542158fb71e3c51de49b4c318a1dff3aeaab", size = 6219832 },
    { url = "https://files.pythonhosted.org/packages/53/78/4c64199146eed7184eb0e85bedec60a4aa8853b6ffe1ab1f3a8b962e70a0/pyproj-3.7.2-cp312-cp312-macosx_14_0_arm64.whl", hash = "sha256:567caa03021178861fad27fabde87500ec6d2ee173dd32f3e2d9871e40eebd68", size = 4620650 },
    { url = "https://files.pythonhosted.org/packages/b6/ac/14a78d17943898a93ef4f8c6a9d4169911c994e3161e54a7cedeba9d8dde/pyproj-3.7.2-cp312-cp312-manylinux_2_28_aarch64.whl", hash = "sha256:c203101d1dc3c038a56cff0447acc515dd29d6e14811406ac539c21eed422b2a", size = 9667087 },
    { url = "https://files.pythonhosted.org/packages/b8/be/212882c450bba74fc8d7d35cbd57e4af84792f0a56194819d98106b075af/pyproj-3.7.2-cp312-cp312-manylinux_2_28_x86_64.whl", hash = "sha256:1edc34266c0c23ced85f95a1ee8b47c9035eae6aca5b6b340327250e8e281630", size = 9552797 },
    { url = "https://files.pythonhosted.org/packages/ba/c0/c0f25c87b5d2a8686341c53c1792a222a480d6c9caf60311fec12c99ec26/pyproj-3.7.2-cp312-cp312-musllinux_1_2_aarch64.whl", hash = "sha256:aa9f26c21bc0e2dc3d224cb1eb4020cf23e76af179a7c66fea49b828611e4260", size = 10837036 },
    { url = "https://files.pythonhosted.org/packages/5d/37/5cbd6772addde2090c91113332623a86e8c7d583eccb2ad02ea634c4a89f/pyproj-3.7.2-cp312-cp312-musllinux_1_2_x86_64.whl", hash = "sha256:f9428b318530625cb389b9ddc9c51251e172808a4af79b82809376daaeabe5e9", size = 10775952 },
    { url = "https://files.pythonhosted.org/packages/69/a1/dc250e3cf83eb4b3b9a2cf86fdb5e25288bd40037ae449695550f9e96b2f/pyproj-3.7.2-cp312-cp312-win32.whl", hash = "sha256:b3d99ed57d319da042f175f4554fc7038aa4bcecc4ac89e217e350346b742c9d", size = 5898872 },
    { url = "https://files.pythonhosted.org/packages/4a/a6/6fe724b72b70f2b00152d77282e14964d60ab092ec225e67c196c9b463e5/pyproj-3.7.2-cp312-cp312-win_amd64.whl", hash = "sha256:11614a054cd86a2ed968a657d00987a86eeb91fdcbd9ad3310478685dc14a128", size = 6312176 },
    { url = "https://files.pythonhosted.org/packages/5d/68/915cc32c02a91e76d02c8f55d5a138d6ef9e47a0d96d259df98f4842e558/pyproj-3.7.2-cp312-cp312-win_arm64.whl", hash = "sha256:509a146d1398bafe4f53273398c3bb0b4732535065fa995270e52a9d3676bca3", size = 6233452 },
]

[[package]]
name = "python-dateutil"
version = "2.9.0.post0"
source = { registry = "https://pypi.org/simple" }
dependencies = [
    { name = "six" },
]
sdist = { url = "https://files.pythonhosted.org/packages/66/c0/0c8b6ad9f17a802ee498c46e004a0eb49bc148f2fd230864601a86dcf6db/python-dateutil-2.9.0.post0.tar.gz", hash = "sha256:37dd54208da7e1cd875388217d5e00ebd4179249f90fb72437e91a35459a0ad3", size = 342432 }
wheels = [
    { url = "https://files.pythonhosted.org/packages/ec/57/56b9bcc3c9c6a792fcbaf139543cee77261f3651ca9da0c93f5c1221264b/python_dateutil-2.9.0.post0-py2.py3-none-any.whl", hash = "sha256:a8b2bc7bffae282281c8140a97d3aa9c14da0b136dfe83f850eea9a5f7470427", size = 229892 },
]

[[package]]
name = "rasterio"
version = "1.5.0"
source = { registry = "https://pypi.org/simple" }
dependencies = [
    { name = "affine" },
    { name = "attrs" },
    { name = "certifi" },
    { name = "click" },
    { name = "cligj" },
    { name = "numpy" },
    { name = "pyparsing" },
]
sdist = { url = "https://files.pythonhosted.org/packages/f6/88/edb4b66b6cb2c13f123af5a3896bf70c0cbe73ab3cd4243cb4eb0212a0f6/rasterio-1.5.0.tar.gz", hash = "sha256:1e0ea56b02eea4989b36edf8e58a5a3ef40e1b7edcb04def2603accd5ab3ee7b", size = 452184 }
wheels = [
    { url = "https://files.pythonhosted.org/packages/ac/de/ba1cd11d7d1182bfb26e758bf07016d04e5442f4f5fea35b0d7279b72399/rasterio-1.5.0-cp312-cp312-macosx_14_0_arm64.whl", hash = "sha256:420656074897a460f5ef46f657b3061d2e004f9d99e613914b0671643e69d92c", size = 22787192 },
    { url = "https://files.pythonhosted.org/packages/e6/42/efaeb6dc531dbcd02fec01c791a853bb5a139a5126ecec579ac0f735eeb9/rasterio-1.5.0-cp312-cp312-macosx_15_0_x86_64.whl", hash = "sha256:c5c3597a783857e760550e8f26365d928b0377ac5ffc3e12ba447ac65ca5406d", size = 24412221 },
    { url = "https://files.pythonhosted.org/packages/a2/14/89645988424c40cbcb8334f94305ffe094dd28d85c643341d9690704c9f0/rasterio-1.5.0-cp312-cp312-manylinux_2_28_aarch64.whl", hash = "sha256:e14d07a09833b6df6024ce7a57aee1e1977b3aec682e30b1e58ce773462f2382", size = 36128020 },
    { url = "https://files.pythonhosted.org/packages/85/23/5a52319a98451ff910f42e5f7f4804bfb39f9327933a89daab685d1ce2dd/rasterio-1.5.0-cp312-cp312-manylinux_2_28_x86_64.whl", hash = "sha256:26dbcffcf0d01fc121cbb92186bc1cb78e16efe62b17be45ad7494446b325cf8", size = 37634010 },
    { url = "https://files.pythonhosted.org/packages/57/d6/fe8826f813c98b046d8d4c3bc83053c89c71f367f89257d211fe5dd0b0ba/rasterio-1.5.0-cp312-cp312-win_amd64.whl", hash = "sha256:ac8d04eee66ca8060763ead607800e5611d857dd005905d920365e24a16ba20a", size = 30142328 },
    { url = "https://files.pythonhosted.org/packages/af/62/6397379271d5628ed65ef781bf2d3a8f56094a86e6d8479c6ca506a1b960/rasterio-1.5.0-cp312-cp312-win_arm64.whl", hash = "sha256:31f1edc45c781ebd087e60cc00a4fc37028dd3fe25cff4098e4139fc9d0565be", size = 28500710 },
]

[[package]]
name = "rioxarray"
version = "0.21.0"
source = { registry = "https://pypi.org/simple" }
dependencies = [
    { name = "numpy" },
    { name = "packaging" },
    { name = "pyproj" },
    { name = "rasterio" },
    { name = "xarray" },
]
sdist = { url = "https://files.pythonhosted.org/packages/68/ba/9b70c0e33159244b264aed7b331ff349bc0a3a4ac50e8bea08729bf6ae53/rioxarray-0.21.0.tar.gz", hash = "sha256:a292d96f4d6412c05ff09629b72523ae2e9c42598183f5e9c555fc368f867c0f", size = 56555 }
wheels = [
    { url = "https://files.pythonhosted.org/packages/62/aa/4ba81b24acf2b05cb00fd7603f84e5088af72596839f85c23c6ff5d249d7/rioxarray-0.21.0-py3-none-any.whl", hash = "sha256:f8793822f09ab7de3a82ffe711beff4cdf313a860ff86df0942f3385374ac562", size = 64940 },
]

[[package]]
name = "shapely"
version = "2.1.2"
source = { registry = "https://pypi.org/simple" }
dependencies = [
    { name = "numpy" },
]
sdist = { url = "https://files.pythonhosted.org/packages/4d/bc/0989043118a27cccb4e906a46b7565ce36ca7b57f5a18b78f4f1b0f72d9d/shapely-2.1.2.tar.gz", hash = "sha256:2ed4ecb28320a433db18a5bf029986aa8afcfd740745e78847e330d5d94922a9", size = 315489 }
wheels = [
    { url = "https://files.pythonhosted.org/packages/24/c0/f3b6453cf2dfa99adc0ba6675f9aaff9e526d2224cbd7ff9c1a879238693/shapely-2.1.2-cp312-cp312-macosx_10_13_x86_64.whl", hash = "sha256:fe2533caae6a91a543dec62e8360fe86ffcdc42a7c55f9dfd0128a977a896b94", size = 1833550 },
    { url = "https://files.pythonhosted.org/packages/86/07/59dee0bc4b913b7ab59ab1086225baca5b8f19865e6101db9ebb7243e132/shapely-2.1.2-cp312-cp312-macosx_11_0_arm64.whl", hash = "sha256:ba4d1333cc0bc94381d6d4308d2e4e008e0bd128bdcff5573199742ee3634359", size = 1643556 },
    { url = "https://files.pythonhosted.org/packages/26/29/a5397e75b435b9895cd53e165083faed5d12fd9626eadec15a83a2411f0f/shapely-2.1.2-cp312-cp312-manylinux2014_aarch64.manylinux_2_17_aarch64.whl", hash = "sha256:0bd308103340030feef6c111d3eb98d50dc13feea33affc8a6f9fa549e9458a3", size = 2988308 },
    { url = "https://files.pythonhosted.org/packages/b9/37/e781683abac55dde9771e086b790e554811a71ed0b2b8a1e789b7430dd44/shapely-2.1.2-cp312-cp312-manylinux2014_x86_64.manylinux_2_17_x86_64.whl", hash = "sha256:1e7d4d7ad262a48bb44277ca12c7c78cb1b0f56b32c10734ec9a1d30c0b0c54b", size = 3099844 },
    { url = "https://files.pythonhosted.org/packages/d8/f3/9876b64d4a5a321b9dc482c92bb6f061f2fa42131cba643c699f39317cb9/shapely-2.1.2-cp312-cp312-musllinux_1_2_aarch64.whl", hash = "sha256:e9eddfe513096a71896441a7c37db72da0687b34752c4e193577a145c71736fc", size = 3988842 },
    { url = "https://files.pythonhosted.org/packages/d1/a0/704c7292f7014c7e74ec84eddb7b109e1fbae74a16deae9c1504b1d15565/shapely-2.1.2-cp312-cp312-musllinux_1_2_x86_64.whl", hash = "sha256:980c777c612514c0cf99bc8a9de6d286f5e186dcaf9091252fcd444e5638193d", size = 4152714 },
    { url = "https://files.pythonhosted.org/packages/53/46/319c9dc788884ad0785242543cdffac0e6530e4d0deb6c4862bc4143dcf3/shapely-2.1.2-cp312-cp312-win32.whl", hash = "sha256:9111274b88e4d7b54a95218e243282709b330ef52b7b86bc6aaf4f805306f454", size = 1542745 },
    { url = "https://files.pythonhosted.org/packages/ec/bf/cb6c1c505cb31e818e900b9312d514f381fbfa5c4363edfce0fcc4f8c1a4/shapely-2.1.2-cp312-cp312-win_amd64.whl", hash = "sha256:743044b4cfb34f9a67205cee9279feaf60ba7d02e69febc2afc609047cb49179", size = 1722861 },
]

[[package]]
name = "six"
version = "1.17.0"
source = { registry = "https://pypi.org/simple" }
sdist = { url = "https://files.pythonhosted.org/packages/94/e7/b2c673351809dca68a0e064b6af791aa332cf192da575fd474ed7d6f16a2/six-1.17.0.tar.gz", hash = "sha256:ff70335d468e7eb6ec65b95b99d3a2836546063f63acc5171de367e834932a81", size = 34031 }
wheels = [
    { url = "https://files.pythonhosted.org/packages/b7/ce/149a00dd41f10bc29e5921b496af8b574d8413afcd5e30dfa0ed46c2cc5e/six-1.17.0-py2.py3-none-any.whl", hash = "sha256:4721f391ed90541fddacab5acf947aa0d3dc7d27b2e1e8eda2be8970586c3274", size = 11050 },
]

[[package]]
name = "termcolor"
version = "3.3.0"
source = { registry = "https://pypi.org/simple" }
sdist = { url = "https://files.pythonhosted.org/packages/46/79/cf31d7a93a8fdc6aa0fbb665be84426a8c5a557d9240b6239e9e11e35fc5/termcolor-3.3.0.tar.gz", hash = "sha256:348871ca648ec6a9a983a13ab626c0acce02f515b9e1983332b17af7979521c5", size = 14434 }
wheels = [
    { url = "https://files.pythonhosted.org/packages/33/d1/8bb87d21e9aeb323cc03034f5eaf2c8f69841e40e4853c2627edf8111ed3/termcolor-3.3.0-py3-none-any.whl", hash = "sha256:cf642efadaf0a8ebbbf4bc7a31cec2f9b5f21a9f726f4ccbb08192c9c26f43a5", size = 7734 },
]

[[package]]
name = "tqdm"
version = "4.67.3"
source = { registry = "https://pypi.org/simple" }
dependencies = [
    { name = "colorama", marker = "sys_platform == 'win32'" },
]
sdist = { url = "https://files.pythonhosted.org/packages/09/a9/6ba95a270c6f1fbcd8dac228323f2777d886cb206987444e4bce66338dd4/tqdm-4.67.3.tar.gz", hash = "sha256:7d825f03f89244ef73f1d4ce193cb1774a8179fd96f31d7e1dcde62092b960bb", size = 169598 }
wheels = [
    { url = "https://files.pythonhosted.org/packages/16/e1/3079a9ff9b8e11b846c6ac5c8b5bfb7ff225eee721825310c91b3b50304f/tqdm-4.67.3-py3-none-any.whl", hash = "sha256:ee1e4c0e59148062281c49d80b25b67771a127c85fc9676d3be5f243206826bf", size = 78374 },
]

[[package]]
name = "tzdata"
version = "2025.3"
source = { registry = "https://pypi.org/simple" }
sdist = { url = "https://files.pythonhosted.org/packages/5e/a7/c202b344c5ca7daf398f3b8a477eeb205cf3b6f32e7ec3a6bac0629ca975/tzdata-2025.3.tar.gz", hash = "sha256:de39c2ca5dc7b0344f2eba86f49d614019d29f060fc4ebc8a417896a620b56a7", size = 196772 }
wheels = [
    { url = "https://files.pythonhosted.org/packages/c7/b0/003792df09decd6849a5e39c28b513c06e84436a54440380862b5aeff25d/tzdata-2025.3-py2.py3-none-any.whl", hash = "sha256:06a47e5700f3081aab02b2e513160914ff0694bce9947d6b76ebd6bf57cfc5d1", size = 348521 },
]

[[package]]
name = "win32-setctime"
version = "1.2.0"
source = { registry = "https://pypi.org/simple" }
sdist = { url = "https://files.pythonhosted.org/packages/b3/8f/705086c9d734d3b663af0e9bb3d4de6578d08f46b1b101c2442fd9aecaa2/win32_setctime-1.2.0.tar.gz", hash = "sha256:ae1fdf948f5640aae05c511ade119313fb6a30d7eabe25fef9764dca5873c4c0", size = 4867 }
wheels = [
    { url = "https://files.pythonhosted.org/packages/e1/07/c6fe3ad3e685340704d314d765b7912993bcb8dc198f0e7a89382d37974b/win32_setctime-1.2.0-py3-none-any.whl", hash = "sha256:95d644c4e708aba81dc3704a116d8cbc974d70b3bdb8be1d150e36be6e9d1390", size = 4083 },
]

[[package]]
name = "wrapt"
version = "2.1.1"
source = { registry = "https://pypi.org/simple" }
sdist = { url = "https://files.pythonhosted.org/packages/f7/37/ae31f40bec90de2f88d9597d0b5281e23ffe85b893a47ca5d9c05c63a4f6/wrapt-2.1.1.tar.gz", hash = "sha256:5fdcb09bf6db023d88f312bd0767594b414655d58090fc1c46b3414415f67fac", size = 81329 }
wheels = [
    { url = "https://files.pythonhosted.org/packages/df/cb/4d5255d19bbd12be7f8ee2c1fb4269dddec9cef777ef17174d357468efaa/wrapt-2.1.1-cp312-cp312-macosx_10_13_x86_64.whl", hash = "sha256:ab8e3793b239db021a18782a5823fcdea63b9fe75d0e340957f5828ef55fcc02", size = 61143 },
    { url = "https://files.pythonhosted.org/packages/6f/07/7ed02daa35542023464e3c8b7cb937fa61f6c61c0361ecf8f5fecf8ad8da/wrapt-2.1.1-cp312-cp312-macosx_11_0_arm64.whl", hash = "sha256:7c0300007836373d1c2df105b40777986accb738053a92fe09b615a7a4547e9f", size = 61740 },
    { url = "https://files.pythonhosted.org/packages/c4/60/a237a4e4a36f6d966061ccc9b017627d448161b19e0a3ab80a7c7c97f859/wrapt-2.1.1-cp312-cp312-manylinux1_x86_64.manylinux_2_28_x86_64.manylinux_2_5_x86_64.whl", hash = "sha256:2b27c070fd1132ab23957bcd4ee3ba707a91e653a9268dc1afbd39b77b2799f7", size = 121327 },
    { url = "https://files.pythonhosted.org/packages/ae/fe/9139058a3daa8818fc67e6460a2340e8bbcf3aef8b15d0301338bbe181ca/wrapt-2.1.1-cp312-cp312-manylinux2014_aarch64.manylinux_2_17_aarch64.manylinux_2_28_aarch64.whl", hash = "sha256:8b0e36d845e8b6f50949b6b65fc6cd279f47a1944582ed4ec8258cd136d89a64", size = 122903 },
    { url = "https://files.pythonhosted.org/packages/91/10/b8479202b4164649675846a531763531f0a6608339558b5a0a718fc49a8d/wrapt-2.1.1-cp312-cp312-musllinux_1_2_aarch64.whl", hash = "sha256:4aeea04a9889370fcfb1ef828c4cc583f36a875061505cd6cd9ba24d8b43cc36", size = 121333 },
    { url = "https://files.pythonhosted.org/packages/5f/75/75fc793b791d79444aca2c03ccde64e8b99eda321b003f267d570b7b0985/wrapt-2.1.1-cp312-cp312-musllinux_1_2_x86_64.whl", hash = "sha256:d88b46bb0dce9f74b6817bc1758ff2125e1ca9e1377d62ea35b6896142ab6825", size = 120458 },
    { url = "https://files.pythonhosted.org/packages/d7/8f/c3f30d511082ca6d947c405f9d8f6c8eaf83cfde527c439ec2c9a30eb5ea/wrapt-2.1.1-cp312-cp312-win32.whl", hash = "sha256:63decff76ca685b5c557082dfbea865f3f5f6d45766a89bff8dc61d336348833", size = 58086 },
    { url = "https://files.pythonhosted.org/packages/0a/c8/37625b643eea2849f10c3b90f69c7462faa4134448d4443234adaf122ae5/wrapt-2.1.1-cp312-cp312-win_amd64.whl", hash = "sha256:b828235d26c1e35aca4107039802ae4b1411be0fe0367dd5b7e4d90e562fcbcd", size = 60328 },
    { url = "https://files.pythonhosted.org/packages/ce/79/56242f07572d5682ba8065a9d4d9c2218313f576e3c3471873c2a5355ffd/wrapt-2.1.1-cp312-cp312-win_arm64.whl", hash = "sha256:75128507413a9f1bcbe2db88fd18fbdbf80f264b82fa33a6996cdeaf01c52352", size = 58722 },
    { url = "https://files.pythonhosted.org/packages/c4/da/5a086bf4c22a41995312db104ec2ffeee2cf6accca9faaee5315c790377d/wrapt-2.1.1-py3-none-any.whl", hash = "sha256:3b0f4629eb954394a3d7c7a1c8cca25f0b07cefe6aa8545e862e9778152de5b7", size = 43886 },
]

[[package]]
name = "xarray"
version = "2025.11.0"
source = { registry = "https://pypi.org/simple" }
dependencies = [
    { name = "numpy" },
    { name = "packaging" },
    { name = "pandas" },
]
sdist = { url = "https://files.pythonhosted.org/packages/39/ad/b072c970cfb2e2724509bf1e8d7fb4084cc186a90d486c9ac4a48ff83186/xarray-2025.11.0.tar.gz", hash = "sha256:d7a4aa4500edbfd60676b1613db97da309ab144cac0bcff0cbf483c61c662af1", size = 3072276 }
wheels = [
    { url = "https://files.pythonhosted.org/packages/86/b4/cfa7aa56807dd2d9db0576c3440b3acd51bae6207338ec5610d4878e5c9b/xarray-2025.11.0-py3-none-any.whl", hash = "sha256:986893b995de4a948429356a3897d78e634243c1cac242bd59d03832b9d72dd1", size = 1375447 },
]

[[package]]
name = "zarr"
version = "2.18.6"
source = { registry = "https://pypi.org/simple" }
dependencies = [
    { name = "asciitree" },
    { name = "fasteners", marker = "sys_platform != 'emscripten'" },
    { name = "numcodecs" },
    { name = "numpy" },
]
sdist = { url = "https://files.pythonhosted.org/packages/0f/b2/383d8d613f51452e19337e5ec610d90892aa27f62354d23a68b7539670f3/zarr-2.18.6.tar.gz", hash = "sha256:2e4a6ad1b2ff57b652beba5a3a653b49da774514b28d224d84c5cd8ee72641af", size = 3604382 }
wheels = [
    { url = "https://files.pythonhosted.org/packages/31/ab/53cfc15332e6eb872393bfb9ec14e7c681fab2367182ddc4785d58ace35e/zarr-2.18.6-py3-none-any.whl", hash = "sha256:a5334311fae8859870d78561ebb6bd0ab01accc392a6cf4dcaa25d83b4a2f22c", size = 211273 },
]

[[package]]
name = "zarr-converter"
version = "0.1.0"
source = { virtual = "." }
dependencies = [
    { name = "fire" },
    { name = "gdal" },
    { name = "geopandas" },
    { name = "loguru" },
    { name = "numcodecs" },
    { name = "rioxarray" },
    { name = "tqdm" },
    { name = "xarray" },
    { name = "zarr" },
]

[package.metadata]
requires-dist = [
    { name = "fire", specifier = ">=0.7.1" },
    { name = "gdal", url = "https://github.com/girder/large_image_wheels/raw/wheelhouse/GDAL-3.12.1.1-cp312-cp312-manylinux_2_28_x86_64.whl" },
    { name = "geopandas", specifier = ">=1.0" },
    { name = "loguru", specifier = ">=0.7" },
    { name = "numcodecs", specifier = ">=0.12,<0.16" },
    { name = "rioxarray", specifier = ">=0.17" },
    { name = "tqdm", specifier = ">=4.67" },
    { name = "xarray", specifier = ">=2024.1" },
    { name = "zarr", specifier = ">=2.18,<3" },
]
